
Microsoft Visual Studio Solution File, Format Version 12.00
# Visual Studio Version 17
VisualStudioVersion = 17.5.002.0
MinimumVisualStudioVersion = 10.0.40219.1
Project("{9A19103F-16F7-4668-BE54-9A1E7A4F7556}") = "backend", "backend.csproj", "{8A986901-99EE-4915-A9B5-B54E90595296}"
EndProject
Global
	GlobalSection(SolutionConfigurationPlatforms) = preSolution
		Debug|Any CPU = Debug|Any CPU
		Release|Any CPU = Release|Any CPU
	EndGlobalSection
	GlobalSection(ProjectConfigurationPlatforms) = postSolution
		{8A986901-99EE-4915-A9B5-B54E90595296}.Debug|Any CPU.ActiveCfg = Debug|Any CPU
		{8A986901-99EE-4915-A9B5-B54E90595296}.Debug|Any CPU.Build.0 = Debug|Any CPU
		{8A986901-99EE-4915-A9B5-B54E90595296}.Release|Any CPU.ActiveCfg = Release|Any CPU
		{8A986901-99EE-4915-A9B5-B54E90595296}.Release|Any CPU.Build.0 = Release|Any CPU
	EndGlobalSection
	GlobalSection(SolutionProperties) = preSolution
		HideSolutionNode = FALSE
	EndGlobalSection
	GlobalSection(ExtensibilityGlobals) = postSolution
		SolutionGuid = {6AFF6E66-2152-4CE8-BF24-923D12AAEBA3}
	EndGlobalSection
EndGlobal
